version = 1
revision = 3
requires-python = ">=3.14"

[[package]]
name = "idacg"
version = "0.1.0"
source = { editable = "." }
dependencies = [
    { name = "idapro" },
    { name = "jinja2" },
    { name = "tree-sitter" },
    { name = "tree-sitter-c" },
]

[package.dev-dependencies]
build = [
    { name = "lark" },
]

[package.metadata]
requires-dist = [
    { name = "idapro", specifier = ">=0.0.10" },
    { name = "jinja2", specifier = ">=3.1.6" },
    { name = "tree-sitter", specifier = ">=0.26.0" },
    { name = "tree-sitter-c", specifier = ">=0.24.2" },
]

[package.metadata.requires-dev]
build = [{ name = "lark" }]

[[package]]
name = "idapro"
version = "0.0.10"
source = { registry = "https://pypi.org/simple" }
sdist = { url = "https://files.pythonhosted.org/packages/f8/75/249c605cc144a6b3778c48381d31ff9242f3e0b7ae23a9ca9c27224e641a/idapro-0.0.10.tar.gz", hash = "sha256:417c03c4605d18417e470f6a748e397b39d6d5829ebd3bbdedd92ff5b9092d11", size = 1060989, upload-time = "2026-07-15T12:55:22.313Z" }
wheels = [
    { url = "https://files.pythonhosted.org/packages/e8/83/7b02832cc8b057f686cccdb771fe80282f801a9b798961f8070bb468c73c/idapro-0.0.10-py3-none-any.whl", hash = "sha256:43f227953a0e348ced21c050d277b7ce34103e2ce05fc739b7d8c186ef0e1542", size = 2194897, upload-time = "2026-07-15T12:55:20.88Z" },
]

[[package]]
name = "jinja2"
version = "3.1.6"
source = { registry = "https://pypi.org/simple" }
dependencies = [
    { name = "markupsafe" },
]
sdist = { url = "https://files.pythonhosted.org/packages/df/bf/f7da0350254c0ed7c72f3e33cef02e048281fec7ecec5f032d4aac52226b/jinja2-3.1.6.tar.gz", hash = "sha256:0137fb05990d35f1275a587e9aee6d56da821fc83491a0fb838183be43f66d6d", size = 245115, upload-time = "2025-03-05T20:05:02.478Z" }
wheels = [
    { url = "https://files.pythonhosted.org/packages/62/a1/3d680cbfd5f4b8f15abc1d571870c5fc3e594bb582bc3b64ea099db13e56/jinja2-3.1.6-py3-none-any.whl", hash = "sha256:85ece4451f492d0c13c5dd7c13a64681a86afae63a5f347908daf103ce6d2f67", size = 134899, upload-time = "2025-03-05T20:05:00.369Z" },
]

[[package]]
name = "lark"
version = "1.3.1"
source = { registry = "https://pypi.org/simple" }
sdist = { url = "https://files.pythonhosted.org/packages/da/34/28fff3ab31ccff1fd4f6c7c7b0ceb2b6968d8ea4950663eadcb5720591a0/lark-1.3.1.tar.gz", hash = "sha256:b426a7a6d6d53189d318f2b6236ab5d6429eaf09259f1ca33eb716eed10d2905", size = 382732, upload-time = "2025-10-27T18:25:56.653Z" }
wheels = [
    { url = "https://files.pythonhosted.org/packages/82/3d/14ce75ef66813643812f3093ab17e46d3a206942ce7376d31ec2d36229e7/lark-1.3.1-py3-none-any.whl", hash = "sha256:c629b661023a014c37da873b4ff58a817398d12635d3bbb2c5a03be7fe5d1e12", size = 113151, upload-time = "2025-10-27T18:25:54.882Z" },
]

[[package]]
name = "markupsafe"
version = "3.0.3"
source = { registry = "https://pypi.org/simple" }
sdist = { url = "https://files.pythonhosted.org/packages/7e/99/7690b6d4034fffd95959cbe0c02de8deb3098cc577c67bb6a24fe5d7caa7/markupsafe-3.0.3.tar.gz", hash = "sha256:722695808f4b6457b320fdc131280796bdceb04ab50fe1795cd540799ebe1698", size = 80313, upload-time = "2025-09-27T18:37:40.426Z" }
wheels = [
    { url = "https://files.pythonhosted.org/packages/33/8a/8e42d4838cd89b7dde187011e97fe6c3af66d8c044997d2183fbd6d31352/markupsafe-3.0.3-cp314-cp314-macosx_10_13_x86_64.whl", hash = "sha256:eaa9599de571d72e2daf60164784109f19978b327a3910d3e9de8c97b5b70cfe", size = 11619, upload-time = "2025-09-27T18:37:06.342Z" },
    { url = "https://files.pythonhosted.org/packages/b5/64/7660f8a4a8e53c924d0fa05dc3a55c9cee10bbd82b11c5afb27d44b096ce/markupsafe-3.0.3-cp314-cp314-macosx_11_0_arm64.whl", hash = "sha256:c47a551199eb8eb2121d4f0f15ae0f923d31350ab9280078d1e5f12b249e0026", size = 12029, upload-time = "2025-09-27T18:37:07.213Z" },
    { url = "https://files.pythonhosted.org/packages/da/ef/e648bfd021127bef5fa12e1720ffed0c6cbb8310c8d9bea7266337ff06de/markupsafe-3.0.3-cp314-cp314-manylinux2014_aarch64.manylinux_2_17_aarch64.manylinux_2_28_aarch64.whl", hash = "sha256:f34c41761022dd093b4b6896d4810782ffbabe30f2d443ff5f083e0cbbb8c737", size = 24408, upload-time = "2025-09-27T18:37:09.572Z" },
    { url = "https://files.pythonhosted.org/packages/41/3c/a36c2450754618e62008bf7435ccb0f88053e07592e6028a34776213d877/markupsafe-3.0.3-cp314-cp314-manylinux2014_x86_64.manylinux_2_17_x86_64.manylinux_2_28_x86_64.whl", hash = "sha256:457a69a9577064c05a97c41f4e65148652db078a3a509039e64d3467b9e7ef97", size = 23005, upload-time = "2025-09-27T18:37:10.58Z" },
    { url = "https://files.pythonhosted.org/packages/bc/20/b7fdf89a8456b099837cd1dc21974632a02a999ec9bf7ca3e490aacd98e7/markupsafe-3.0.3-cp314-cp314-manylinux_2_31_riscv64.manylinux_2_39_riscv64.whl", hash = "sha256:e8afc3f2ccfa24215f8cb28dcf43f0113ac3c37c2f0f0806d8c70e4228c5cf4d", size = 22048, upload-time = "2025-09-27T18:37:11.547Z" },
    { url = "https://files.pythonhosted.org/packages/9a/a7/591f592afdc734f47db08a75793a55d7fbcc6902a723ae4cfbab61010cc5/markupsafe-3.0.3-cp314-cp314-musllinux_1_2_aarch64.whl", hash = "sha256:ec15a59cf5af7be74194f7ab02d0f59a62bdcf1a537677ce67a2537c9b87fcda", size = 23821, upload-time = "2025-09-27T18:37:12.48Z" },
    { url = "https://files.pythonhosted.org/packages/7d/33/45b24e4f44195b26521bc6f1a82197118f74df348556594bd2262bda1038/markupsafe-3.0.3-cp314-cp314-musllinux_1_2_riscv64.whl", hash = "sha256:0eb9ff8191e8498cca014656ae6b8d61f39da5f95b488805da4bb029cccbfbaf", size = 21606, upload-time = "2025-09-27T18:37:13.485Z" },
    { url = "https://files.pythonhosted.org/packages/ff/0e/53dfaca23a69fbfbbf17a4b64072090e70717344c52eaaaa9c5ddff1e5f0/markupsafe-3.0.3-cp314-cp314-musllinux_1_2_x86_64.whl", hash = "sha256:2713baf880df847f2bece4230d4d094280f4e67b1e813eec43b4c0e144a34ffe", size = 23043, upload-time = "2025-09-27T18:37:14.408Z" },
    { url = "https://files.pythonhosted.org/packages/46/11/f333a06fc16236d5238bfe74daccbca41459dcd8d1fa952e8fbd5dccfb70/markupsafe-3.0.3-cp314-cp314-win32.whl", hash = "sha256:729586769a26dbceff69f7a7dbbf59ab6572b99d94576a5592625d5b411576b9", size = 14747, upload-time = "2025-09-27T18:37:15.36Z" },
    { url = "https://files.pythonhosted.org/packages/28/52/182836104b33b444e400b14f797212f720cbc9ed6ba34c800639d154e821/markupsafe-3.0.3-cp314-cp314-win_amd64.whl", hash = "sha256:bdc919ead48f234740ad807933cdf545180bfbe9342c2bb451556db2ed958581", size = 15341, upload-time = "2025-09-27T18:37:16.496Z" },
    { url = "https://files.pythonhosted.org/packages/6f/18/acf23e91bd94fd7b3031558b1f013adfa21a8e407a3fdb32745538730382/markupsafe-3.0.3-cp314-cp314-win_arm64.whl", hash = "sha256:5a7d5dc5140555cf21a6fefbdbf8723f06fcd2f63ef108f2854de715e4422cb4", size = 14073, upload-time = "2025-09-27T18:37:17.476Z" },
    { url = "https://files.pythonhosted.org/packages/3c/f0/57689aa4076e1b43b15fdfa646b04653969d50cf30c32a102762be2485da/markupsafe-3.0.3-cp314-cp314t-macosx_10_13_x86_64.whl", hash = "sha256:1353ef0c1b138e1907ae78e2f6c63ff67501122006b0f9abad68fda5f4ffc6ab", size = 11661, upload-time = "2025-09-27T18:37:18.453Z" },
    { url = "https://files.pythonhosted.org/packages/89/c3/2e67a7ca217c6912985ec766c6393b636fb0c2344443ff9d91404dc4c79f/markupsafe-3.0.3-cp314-cp314t-macosx_11_0_arm64.whl", hash = "sha256:1085e7fbddd3be5f89cc898938f42c0b3c711fdcb37d75221de2666af647c175", size = 12069, upload-time = "2025-09-27T18:37:19.332Z" },
    { url = "https://files.pythonhosted.org/packages/f0/00/be561dce4e6ca66b15276e184ce4b8aec61fe83662cce2f7d72bd3249d28/markupsafe-3.0.3-cp314-cp314t-manylinux2014_aarch64.manylinux_2_17_aarch64.manylinux_2_28_aarch64.whl", hash = "sha256:1b52b4fb9df4eb9ae465f8d0c228a00624de2334f216f178a995ccdcf82c4634", size = 25670, upload-time = "2025-09-27T18:37:20.245Z" },
    { url = "https://files.pythonhosted.org/packages/50/09/c419f6f5a92e5fadde27efd190eca90f05e1261b10dbd8cbcb39cd8ea1dc/markupsafe-3.0.3-cp314-cp314t-manylinux2014_x86_64.manylinux_2_17_x86_64.manylinux_2_28_x86_64.whl", hash = "sha256:fed51ac40f757d41b7c48425901843666a6677e3e8eb0abcff09e4ba6e664f50", size = 23598, upload-time = "2025-09-27T18:37:21.177Z" },
    { url = "https://files.pythonhosted.org/packages/22/44/a0681611106e0b2921b3033fc19bc53323e0b50bc70cffdd19f7d679bb66/markupsafe-3.0.3-cp314-cp314t-manylinux_2_31_riscv64.manylinux_2_39_riscv64.whl", hash = "sha256:f190daf01f13c72eac4efd5c430a8de82489d9cff23c364c3ea822545032993e", size = 23261, upload-time = "2025-09-27T18:37:22.167Z" },
    { url = "https://files.pythonhosted.org/packages/5f/57/1b0b3f100259dc9fffe780cfb60d4be71375510e435efec3d116b6436d43/markupsafe-3.0.3-cp314-cp314t-musllinux_1_2_aarch64.whl", hash = "sha256:e56b7d45a839a697b5eb268c82a71bd8c7f6c94d6fd50c3d577fa39a9f1409f5", size = 24835, upload-time = "2025-09-27T18:37:23.296Z" },
    { url = "https://files.pythonhosted.org/packages/26/6a/4bf6d0c97c4920f1597cc14dd720705eca0bf7c787aebc6bb4d1bead5388/markupsafe-3.0.3-cp314-cp314t-musllinux_1_2_riscv64.whl", hash = "sha256:f3e98bb3798ead92273dc0e5fd0f31ade220f59a266ffd8a4f6065e0a3ce0523", size = 22733, upload-time = "2025-09-27T18:37:24.237Z" },
    { url = "https://files.pythonhosted.org/packages/14/c7/ca723101509b518797fedc2fdf79ba57f886b4aca8a7d31857ba3ee8281f/markupsafe-3.0.3-cp314-cp314t-musllinux_1_2_x86_64.whl", hash = "sha256:5678211cb9333a6468fb8d8be0305520aa073f50d17f089b5b4b477ea6e67fdc", size = 23672, upload-time = "2025-09-27T18:37:25.271Z" },
    { url = "https://files.pythonhosted.org/packages/fb/df/5bd7a48c256faecd1d36edc13133e51397e41b73bb77e1a69deab746ebac/markupsafe-3.0.3-cp314-cp314t-win32.whl", hash = "sha256:915c04ba3851909ce68ccc2b8e2cd691618c4dc4c4232fb7982bca3f41fd8c3d", size = 14819, upload-time = "2025-09-27T18:37:26.285Z" },
    { url = "https://files.pythonhosted.org/packages/1a/8a/0402ba61a2f16038b48b39bccca271134be00c5c9f0f623208399333c448/markupsafe-3.0.3-cp314-cp314t-win_amd64.whl", hash = "sha256:4faffd047e07c38848ce017e8725090413cd80cbc23d86e55c587bf979e579c9", size = 15426, upload-time = "2025-09-27T18:37:27.316Z" },
    { url = "https://files.pythonhosted.org/packages/70/bc/6f1c2f612465f5fa89b95bead1f44dcb607670fd42891d8fdcd5d039f4f4/markupsafe-3.0.3-cp314-cp314t-win_arm64.whl", hash = "sha256:32001d6a8fc98c8cb5c947787c5d08b0a50663d139f1305bac5885d98d9b40fa", size = 14146, upload-time = "2025-09-27T18:37:28.327Z" },
]

[[package]]
name = "tree-sitter"
version = "0.26.0"
source = { registry = "https://pypi.org/simple" }
sdist = { url = "https://files.pythonhosted.org/packages/f7/03/5600b84aff2e6c4fe80cfebb4063fe2f50299521befe5f6092ab8c082f4a/tree_sitter-0.26.0.tar.gz", hash = "sha256:b40c219edccc4564530c96f8f1556f6202b37cda964d1cbd7bd2b7e68b40a245", size = 191423, upload-time = "2026-06-30T12:14:27.933Z" }
wheels = [
    { url = "https://files.pythonhosted.org/packages/c5/7a/4d84e6f6ae2c3e757490dd84de251712c31e293dfe31f28da1ec019cefa2/tree_sitter-0.26.0-cp314-cp314-macosx_10_15_x86_64.whl", hash = "sha256:5a3c93a352b7e6f70f73e121bbfa2d0117ba7478bd51114ed35c91b0b78814fa", size = 148901, upload-time = "2026-06-30T12:14:19.452Z" },
    { url = "https://files.pythonhosted.org/packages/b0/d9/efe62ec65dc9d096e834d27b8c058127e2146e42ff3380b822a233f016a6/tree_sitter-0.26.0-cp314-cp314-macosx_11_0_arm64.whl", hash = "sha256:5fc2f41bf246ff2f70a9cc3690be35ec7580a4923151873d898c8bcb1a4503d3", size = 140805, upload-time = "2026-06-30T12:14:20.478Z" },
    { url = "https://files.pythonhosted.org/packages/c4/2c/c82326b7b97e3c485c18679883b16f89e5e913c639d3b219d3da70c9e67e/tree_sitter-0.26.0-cp314-cp314-manylinux2014_aarch64.manylinux_2_17_aarch64.manylinux_2_28_aarch64.whl", hash = "sha256:b8ea92a255c91671a7ec4625aba3ab7bb5220c423630ffbf83c45d7312abe084", size = 640586, upload-time = "2026-06-30T12:14:21.527Z" },
    { url = "https://files.pythonhosted.org/packages/e2/7a/f56e7d8282859452611024c7cbc623bfba5b24b8cb9b8f8bc88c5219fe9a/tree_sitter-0.26.0-cp314-cp314-manylinux2014_x86_64.manylinux_2_17_x86_64.manylinux_2_28_x86_64.whl", hash = "sha256:f665510f0fcf4636fb9696f1f7853bed7a3bd764b7bb0cb8494e619c14ed5a0c", size = 668300, upload-time = "2026-06-30T12:14:22.728Z" },
    { url = "https://files.pythonhosted.org/packages/91/51/240ee81b9d5e9ca0a6cb1528e8605ffa70ab58c89ce126631be96d3e4bae/tree_sitter-0.26.0-cp314-cp314-manylinux_2_31_riscv64.manylinux_2_39_riscv64.whl", hash = "sha256:253df7ab82cc0a9d311cd65f06e9f99fb3eac55996ae9fc94da22f123a861b90", size = 649627, upload-time = "2026-06-30T12:14:23.819Z" },
    { url = "https://files.pythonhosted.org/packages/6a/54/760035cefedf9eb44f0f84c4ac22f1322e73155853e272576ee876336312/tree_sitter-0.26.0-cp314-cp314-musllinux_1_2_x86_64.whl", hash = "sha256:ff80d4833d330a73184a3ac5132abe93c575d2dea31975c6f15c0d21fef238aa", size = 664885, upload-time = "2026-06-30T12:14:25.064Z" },
    { url = "https://files.pythonhosted.org/packages/c9/1b/0b36fe2a984ecedc4ce6aefd5d56447a6626a8e9b595c4e48658510ce8f8/tree_sitter-0.26.0-cp314-cp314-win_amd64.whl", hash = "sha256:a4033fecc8f606c7f2e8b8014d0057b74668a7f0152763606f7bc25c5f9ec64c", size = 132688, upload-time = "2026-06-30T12:14:26.106Z" },
    { url = "https://files.pythonhosted.org/packages/4d/74/ebc041a13fbf40144afdb0d4b447e48e0b4012ca866c63de8b48f801f0c1/tree_sitter-0.26.0-cp314-cp314-win_arm64.whl", hash = "sha256:823251c4b6725a7c03ed497a339135ede7ae4bdde75bb8be7ef5e305aeb4ff52", size = 120287, upload-time = "2026-06-30T12:14:26.991Z" },
]

[[package]]
name = "tree-sitter-c"
version = "0.24.2"
source = { registry = "https://pypi.org/simple" }
sdist = { url = "https://files.pythonhosted.org/packages/a6/c9/3834f3d9278251aea7312274971bc4c45b17aec2490fd4b884d93bd7019a/tree_sitter_c-0.24.2.tar.gz", hash = "sha256:1628584df0299b5a340aa63f8e67b6c97c91517f52fa7e7a4c557e40adb330a9", size = 228397, upload-time = "2026-04-22T08:06:14.491Z" }
wheels = [
    { url = "https://files.pythonhosted.org/packages/28/c1/26ed17730ec2c17bedc1b673349e5e0a466c578e3eb0327c3b73cf52bf97/tree_sitter_c-0.24.2-cp310-abi3-macosx_10_9_x86_64.whl", hash = "sha256:4d4579a8b54f0a442f903d88d3304cab77cd5c2031d4015baa4f2f8e15d6dcb7", size = 81016, upload-time = "2026-04-22T08:06:07.208Z" },
    { url = "https://files.pythonhosted.org/packages/c1/1c/1140db75e7e375cda3c68792a33826c4fd40b5b98c3259d93c75f6c8368f/tree_sitter_c-0.24.2-cp310-abi3-macosx_11_0_arm64.whl", hash = "sha256:97bc80a224d48215d4e6e6376bf30d114f4c317b8145ff1b02afe785d4ba7bdd", size = 86213, upload-time = "2026-04-22T08:06:08.136Z" },
    { url = "https://files.pythonhosted.org/packages/e9/8c/0dfb88d726f8821d1c4c36042f092be974a800afd734307a595b8604190c/tree_sitter_c-0.24.2-cp310-abi3-manylinux1_x86_64.manylinux_2_28_x86_64.manylinux_2_5_x86_64.whl", hash = "sha256:5041ef67eb68ce6bc8bb0b1f8ef3a5585ce523dae0c7eec109ab0627dd75aede", size = 94264, upload-time = "2026-04-22T08:06:08.918Z" },
    { url = "https://files.pythonhosted.org/packages/87/78/47dc570e7aee6b0a1ecc2520b30639cc2b06003154c9ab0672d86bf720d5/tree_sitter_c-0.24.2-cp310-abi3-manylinux2014_aarch64.manylinux_2_17_aarch64.manylinux_2_28_aarch64.whl", hash = "sha256:c098bedcd5ac86ff93fa734d51d1dd86aed40fd5ed7d634c7af11380a0469969", size = 94560, upload-time = "2026-04-22T08:06:09.852Z" },
    { url = "https://files.pythonhosted.org/packages/29/37/75d59d3f74f4cfc00f04472917e933d8a9c9fdc6eff980ef9552e010e6aa/tree_sitter_c-0.24.2-cp310-abi3-musllinux_1_2_aarch64.whl", hash = "sha256:82842c5a5f2acd93f4de10038c33ac179c8979defc39376f990348d6289e933b", size = 94023, upload-time = "2026-04-22T08:06:10.682Z" },
    { url = "https://files.pythonhosted.org/packages/64/57/8fc655d5a446a70a637e92b98bd2fdaab88bf5bb5b36076ac4add544808d/tree_sitter_c-0.24.2-cp310-abi3-musllinux_1_2_x86_64.whl", hash = "sha256:e2b42e8e22202c251f8629306f9321233542e07a6e01611b5fe83489272143eb", size = 94160, upload-time = "2026-04-22T08:06:11.497Z" },
    { url = "https://files.pythonhosted.org/packages/c1/f7/72a1d6b42dd31fd37e03ff67e7dc5ee572301499e6b216002b8dd42a1714/tree_sitter_c-0.24.2-cp310-abi3-win_amd64.whl", hash = "sha256:abb549225091f7b25df2dd3a0143ece6e208f7055d8bcb4700b41ee79b9ef1e1", size = 84669, upload-time = "2026-04-22T08:06:12.347Z" },
    { url = "https://files.pythonhosted.org/packages/e2/9d/7475d9ae8ef679aa36c7dfe6c903ab78e573651c68b6ef9862d6a3f994db/tree_sitter_c-0.24.2-cp310-abi3-win_arm64.whl", hash = "sha256:4a2f4371cd816cc3153458f69062135ebb2ea5f275ddd90494e5c823d778204a", size = 82956, upload-time = "2026-04-22T08:06:13.364Z" },
]
